
Microsoft Visual Studio Solution File, Format Version 12.00
# Visual Studio Version 17
VisualStudioVersion = 17.7.34202.233
MinimumVisualStudioVersion = 10.0.40219.1
Project("{9A19103F-16F7-4668-BE54-9A1E7A4F7556}") = "asyncAwaitExamples", "asyncAwaitExamples\asyncAwaitExamples.csproj", "{A08DB88B-FA83-47C8-92D5-EBD30E66B87B}"
EndProject
Project("{9A19103F-16F7-4668-BE54-9A1E7A4F7556}") = "MultiThreading", "MultiThreading\MultiThreading.csproj", "{E91BC1C7-CE64-45DA-87A8-8A2CAE5B49D0}"
EndProject
Project("{FAE04EC0-301F-11D3-BF4B-00C04F79EFBC}") = "AsyncProgramming", "AsyncProgramming\AsyncProgramming.csproj", "{662C3378-85C0-438E-A8AC-31B1FEA2A4EE}"
EndProject
Project("{FAE04EC0-301F-11D3-BF4B-00C04F79EFBC}") = "EbychiyAsync", "EbychiyAsync\EbychiyAsync.csproj", "{9FB0276A-77C1-410F-BD7D-7F4786E6C13F}"
EndProject
Global
	GlobalSection(SolutionConfigurationPlatforms) = preSolution
		Debug|Any CPU = Debug|Any CPU
		Release|Any CPU = Release|Any CPU
	EndGlobalSection
	GlobalSection(ProjectConfigurationPlatforms) = postSolution
		{A08DB88B-FA83-47C8-92D5-EBD30E66B87B}.Debug|Any CPU.ActiveCfg = Debug|Any CPU
		{A08DB88B-FA83-47C8-92D5-EBD30E66B87B}.Debug|Any CPU.Build.0 = Debug|Any CPU
		{A08DB88B-FA83-47C8-92D5-EBD30E66B87B}.Release|Any CPU.ActiveCfg = Release|Any CPU
		{A08DB88B-FA83-47C8-92D5-EBD30E66B87B}.Release|Any CPU.Build.0 = Release|Any CPU
		{E91BC1C7-CE64-45DA-87A8-8A2CAE5B49D0}.Debug|Any CPU.ActiveCfg = Debug|Any CPU
		{E91BC1C7-CE64-45DA-87A8-8A2CAE5B49D0}.Debug|Any CPU.Build.0 = Debug|Any CPU
		{E91BC1C7-CE64-45DA-87A8-8A2CAE5B49D0}.Release|Any CPU.ActiveCfg = Release|Any CPU
		{E91BC1C7-CE64-45DA-87A8-8A2CAE5B49D0}.Release|Any CPU.Build.0 = Release|Any CPU
		{662C3378-85C0-438E-A8AC-31B1FEA2A4EE}.Debug|Any CPU.ActiveCfg = Debug|Any CPU
		{662C3378-85C0-438E-A8AC-31B1FEA2A4EE}.Debug|Any CPU.Build.0 = Debug|Any CPU
		{662C3378-85C0-438E-A8AC-31B1FEA2A4EE}.Release|Any CPU.ActiveCfg = Release|Any CPU
		{662C3378-85C0-438E-A8AC-31B1FEA2A4EE}.Release|Any CPU.Build.0 = Release|Any CPU
		{9FB0276A-77C1-410F-BD7D-7F4786E6C13F}.Debug|Any CPU.ActiveCfg = Debug|Any CPU
		{9FB0276A-77C1-410F-BD7D-7F4786E6C13F}.Debug|Any CPU.Build.0 = Debug|Any CPU
		{9FB0276A-77C1-410F-BD7D-7F4786E6C13F}.Release|Any CPU.ActiveCfg = Release|Any CPU
		{9FB0276A-77C1-410F-BD7D-7F4786E6C13F}.Release|Any CPU.Build.0 = Release|Any CPU
	EndGlobalSection
	GlobalSection(SolutionProperties) = preSolution
		HideSolutionNode = FALSE
	EndGlobalSection
	GlobalSection(ExtensibilityGlobals) = postSolution
		SolutionGuid = {83C10C7A-A038-4B26-85C6-2BFA5569242D}
	EndGlobalSection
EndGlobal
